// !$*UTF8*$!
{
	archiveVersion = 1;
	classes = {
	};
	objectVersion = 42;
	objects = {
		D7BA7D76DAB5DD13389D6332 = {
			buildActionMask = 2147483647;
			files = (
				);
			generatedFileNames = (
				);
			isa = PBXShellScriptBuildPhase;
			name = "Qt Qmake";
			neededFileNames = (
				);
			shellPath = "/bin/sh";
			shellScript = "make\ -C\ /Users/andrew/Code/qt/JoyPrompter/src2\ -f\ \'JoyPrompter.xcodeproj/qt_makeqmake.mak\'";
		};
		2FA16EA81E472F2C3102AC96 = {
			isa = PBXFileReference;
			name = "editor_window.cpp";
			path = "editor_window.cpp";
			refType = 4;
			lastKnownFileType = "sourcecode.cpp.cpp";
		};
		054302840E4025268F8C0FC8 = {
			fileRef = "2FA16EA81E472F2C3102AC96";
			isa = PBXBuildFile;
			settings = {
				ATTRIBUTES = (
					);
			};
		};
		1074BC2813D280B1C8ACC84F = {
			isa = PBXFileReference;
			name = "application_window.cpp";
			path = "application_window.cpp";
			refType = 4;
			lastKnownFileType = "sourcecode.cpp.cpp";
		};
		344B9887A96DD35CA6274CE1 = {
			fileRef = "1074BC2813D280B1C8ACC84F";
			isa = PBXBuildFile;
			settings = {
				ATTRIBUTES = (
					);
			};
		};
		8F87FC12BBD5085719677681 = {
			isa = PBXFileReference;
			name = "controls_menu.cpp";
			path = "controls_menu.cpp";
			refType = 4;
			lastKnownFileType = "sourcecode.cpp.cpp";
		};
		0EF948FC7FDBCDBC5146512E = {
			fileRef = "8F87FC12BBD5085719677681";
			isa = PBXBuildFile;
			settings = {
				ATTRIBUTES = (
					);
			};
		};
		118FCBAABA162BA17933C789 = {
			isa = PBXFileReference;
			name = "main.cpp";
			path = "main.cpp";
			refType = 4;
			lastKnownFileType = "sourcecode.cpp.cpp";
		};
		2B093CA6F071B023A473CED0 = {
			fileRef = "118FCBAABA162BA17933C789";
			isa = PBXBuildFile;
			settings = {
				ATTRIBUTES = (
					);
			};
		};
		6FB0318B6978E8D13320DE6A = {
			isa = PBXFileReference;
			name = "menubar.cpp";
			path = "menubar.cpp";
			refType = 4;
			lastKnownFileType = "sourcecode.cpp.cpp";
		};
		05A0477F9CDAA94B3CB19700 = {
			fileRef = "6FB0318B6978E8D13320DE6A";
			isa = PBXBuildFile;
			settings = {
				ATTRIBUTES = (
					);
			};
		};
		F77B1BAE9A01AFBE2A13EE9B = {
			isa = PBXFileReference;
			name = "teleprompter_window.cpp";
			path = "teleprompter_window.cpp";
			refType = 4;
			lastKnownFileType = "sourcecode.cpp.cpp";
		};
		D559FE06A7281FD04C27704D = {
			fileRef = "F77B1BAE9A01AFBE2A13EE9B";
			isa = PBXBuildFile;
			settings = {
				ATTRIBUTES = (
					);
			};
		};
		BD446939310284156E6EB997 = {
			isa = PBXFileReference;
			name = "moc_application_window.cpp";
			path = "moc_application_window.cpp";
			refType = 4;
			lastKnownFileType = "sourcecode.cpp.cpp";
		};
		E9E933DFF7B4CE5DB5B4E34F = {
			fileRef = "BD446939310284156E6EB997";
			isa = PBXBuildFile;
			settings = {
				ATTRIBUTES = (
					);
			};
		};
		0171141A80CF1A2CFB015440 = {
			isa = PBXFileReference;
			name = "moc_teleprompter_window.cpp";
			path = "moc_teleprompter_window.cpp";
			refType = 4;
			lastKnownFileType = "sourcecode.cpp.cpp";
		};
		423D4D00E777A6F6A468F218 = {
			fileRef = "0171141A80CF1A2CFB015440";
			isa = PBXBuildFile;
			settings = {
				ATTRIBUTES = (
					);
			};
		};
		9E4C2821DA16567C330B9364 = {
			isa = PBXFileReference;
			name = "editor_window.h";
			path = "editor_window.h";
			refType = 4;
		};
		034872FDD91B36CD8F3255EF = {
			isa = PBXFileReference;
			name = "application_window.h";
			path = "application_window.h";
			refType = 4;
		};
		C21C9F7F94265BC5DD47FA69 = {
			isa = PBXFileReference;
			name = "controls_menu.h";
			path = "controls_menu.h";
			refType = 4;
		};
		09EBD45BFFABDC374928CD3E = {
			isa = PBXFileReference;
			name = "menubar.h";
			path = "menubar.h";
			refType = 4;
		};
		16B02DFE6C91D9067E4951B7 = {
			isa = PBXFileReference;
			name = "teleprompter_window.h";
			path = "teleprompter_window.h";
			refType = 4;
		};
		98AFE58ABC0222CF68DCD7C2 = {
			isa = PBXFileReference;
			name = "JoyPrompter.pro";
			path = "JoyPrompter.pro";
			refType = 4;
		};
		883D7615C4D2DE3FA1218F12 = {
			isa = PBXGroup;
			children = (
				"9E4C2821DA16567C330B9364",
				"034872FDD91B36CD8F3255EF",
				"C21C9F7F94265BC5DD47FA69",
				"09EBD45BFFABDC374928CD3E",
				"16B02DFE6C91D9067E4951B7");
			name = "Headers";
			refType = 4;
		};
		FB61758D0F0FDA4BA867C3D5 = {
			isa = PBXGroup;
			children = (
				"2FA16EA81E472F2C3102AC96",
				"1074BC2813D280B1C8ACC84F",
				"8F87FC12BBD5085719677681",
				"118FCBAABA162BA17933C789",
				"6FB0318B6978E8D13320DE6A",
				"F77B1BAE9A01AFBE2A13EE9B");
			name = "Sources";
			refType = 4;
		};
		7CABE3C80E79AD2B307756D2 = {
			isa = PBXGroup;
			children = (
				"98AFE58ABC0222CF68DCD7C2");
			name = "Sources [qmake]";
			refType = 4;
		};
		46E892BBB6BB6952967E0561 = {
			isa = PBXGroup;
			children = (
				"BD446939310284156E6EB997",
				"0171141A80CF1A2CFB015440");
			name = "Temporary Sources";
			refType = 4;
		};
		A0A52A2ADF7A1E2A99738674 = {
			buildActionMask = 2147483647;
			files = (
				);
			generatedFileNames = (
				"054302840E4025268F8C0FC8",
				"344B9887A96DD35CA6274CE1",
				"0EF948FC7FDBCDBC5146512E",
				"2B093CA6F071B023A473CED0",
				"05A0477F9CDAA94B3CB19700",
				"D559FE06A7281FD04C27704D",
				"E9E933DFF7B4CE5DB5B4E34F",
				"423D4D00E777A6F6A468F218");
			isa = PBXShellScriptBuildPhase;
			name = "Qt Preprocessors";
			neededFileNames = (
				"054302840E4025268F8C0FC8",
				"344B9887A96DD35CA6274CE1",
				"0EF948FC7FDBCDBC5146512E",
				"2B093CA6F071B023A473CED0",
				"05A0477F9CDAA94B3CB19700",
				"D559FE06A7281FD04C27704D",
				"E9E933DFF7B4CE5DB5B4E34F",
				"423D4D00E777A6F6A468F218");
			shellPath = "/bin/sh";
			shellScript = "make\ -C\ /Users/andrew/Code/qt/JoyPrompter/src2\ -f\ \'JoyPrompter.xcodeproj/qt_preprocess.mak\'";
		};
		C29B8785722055ED95EF7B57 = {
			buildActionMask = 2147483647;
			files = (
				"054302840E4025268F8C0FC8",
				"344B9887A96DD35CA6274CE1",
				"0EF948FC7FDBCDBC5146512E",
				"2B093CA6F071B023A473CED0",
				"05A0477F9CDAA94B3CB19700",
				"D559FE06A7281FD04C27704D",
				"E9E933DFF7B4CE5DB5B4E34F",
				"423D4D00E777A6F6A468F218");
			isa = PBXSourcesBuildPhase;
			name = "Build Sources";
		};
		9B36DA7E32F0304E780E7972 = {
			isa = PBXFrameworkReference;
			name = "QtGui.framework";
			path = "/Library/Frameworks/QtGui.framework";
			refType = 0;
		};
		501667F26B3C1FF6767A7C12 = {
			fileRef = "9B36DA7E32F0304E780E7972";
			isa = PBXBuildFile;
			settings = {
			};
		};
		7BC2E65A5E699A5E5D834CA2 = {
			isa = PBXFrameworkReference;
			name = "QtCore.framework";
			path = "/Library/Frameworks/QtCore.framework";
			refType = 0;
		};
		069D05B0128AE5DC7EE31738 = {
			fileRef = "7BC2E65A5E699A5E5D834CA2";
			isa = PBXBuildFile;
			settings = {
			};
		};
		ED1E82605DD74B483AF3C982 = {
			children = (
				"9B36DA7E32F0304E780E7972",
				"7BC2E65A5E699A5E5D834CA2");
			isa = PBXGroup;
			name = "External Frameworks and Libraries";
			path = "";
			refType = 4;
		};
		2A1043669E6E5A7426EA502A = {
			buildActionMask = 2147483647;
			files = (
				"501667F26B3C1FF6767A7C12",
				"069D05B0128AE5DC7EE31738");
			isa = PBXFrameworksBuildPhase;
			name = "Frameworks & Libraries";
		};
		3787F99312C85FF0073FD7BA = {
			buildActionMask = 2147483647;
			files = (
			);
			isa = PBXResourcesBuildPhase;
			name = "Bundle Resources";
		};
		F6069D5A5DA8AA28EDB8B3C6 = {
			name = "Project Copy";
			buildActionMask = 2147483647;
			dstPath = "/Users/andrew/Code/qt/JoyPrompter/src2";
			dstSubfolderSpec = 0;
			files = (
"07E0DFA73EB56DCB9E28CDD9");
			isa = PBXCopyFilesBuildPhase;
			runOnlyForDeploymentPostprocessing = 0;
		};
		07E0DFA73EB56DCB9E28CDD9 = {
			fileRef = "249175901C869E6D8529205A";
			isa = PBXBuildFile;
			settings = {
			};
		};
		05596AB53D8D521C69802C27 = {
			children = (
				"FB61758D0F0FDA4BA867C3D5",
				"46E892BBB6BB6952967E0561",
				"883D7615C4D2DE3FA1218F12",
				"7CABE3C80E79AD2B307756D2",
				"ED1E82605DD74B483AF3C982");
			isa = PBXGroup;
			name = "JoyPrompter";
			path = "";
			refType = 4;
		};
		249175901C869E6D8529205A = {
			isa = PBXFileReference;
			explicitFileType = "wrapper.application";
			path = "JoyPrompter.app";
			refType = 3;
			sourceTree = BUILT_PRODUCTS_DIR;
		};
		068F80C7519D0528FB08E821 = {
			children = (
				"249175901C869E6D8529205A");
			isa = PBXGroup;
			name = "Products";
			refType = 4;
		};
		CBAF9B45D75D17EE74A5F546 = {
			buildPhases = (
				"D7BA7D76DAB5DD13389D6332",
				"A0A52A2ADF7A1E2A99738674",
				"F6069D5A5DA8AA28EDB8B3C6",
				"C29B8785722055ED95EF7B57",
				"2A1043669E6E5A7426EA502A",
				"3787F99312C85FF0073FD7BA");
			buildSettings = {
				HEADER_SEARCH_PATHS = (
					"/Library/Frameworks/QtCore.framework/Versions/4/Headers",
					"/usr/include/QtCore",
					"/Library/Frameworks/QtGui.framework/Versions/4/Headers",
					"/usr/include/QtGui",
					"/usr/include",
					".",
					".",
					"/usr/local/include",
					"/System/Library/Frameworks/CarbonCore.framework/Headers",
					"/usr/local/Qt4.6/mkspecs/macx-xcode");
				LIBRARY_SEARCH_PATHS = (
					"/Library/Frameworks");
				OPTIMIZATION_CFLAGS = (
					);
				OTHER_CFLAGS = (
					"-pipe",
					"-g",
					"-Wall",
					"-W",
					"-DQT_GUI_LIB",
					"-DQT_CORE_LIB",
					"-DQT_SHARED");
				OTHER_CPLUSPLUSFLAGS = (
					"-pipe",
					"-g",
					"-Wall",
					"-W",
					"-DQT_GUI_LIB",
					"-DQT_CORE_LIB",
					"-DQT_SHARED");
				LEXFLAGS = "";
				YACCFLAGS = "-d";
				OTHER_REZFLAGS = "";
				SECTORDER_FLAGS = "";
				WARNING_CFLAGS = "";
				PREBINDING = NO;
				INFOPLIST_FILE = "Info.plist";
				BUILD_ROOT = "/Users/andrew/Code/qt/JoyPrompter/src2";
				OTHER_LDFLAGS = (
						"-headerpad_max_install_names",
						"-L/Library/Frameworks",
						"-F/Library/Frameworks");
				DYLIB_CURRENT_VERSION = "1.0.0";
				DYLIB_COMPATIBILITY_VERSION = "1.0";
				MACOSX_DEPLOYMENT_TARGET = "10.4";
				PRODUCT_NAME = "JoyPrompter";
			};
			conditionalBuildSettings = {
			};
			dependencies = (
				);
			productReference = "249175901C869E6D8529205A";
			shouldUseHeadermap = 1;
			isa = PBXNativeTarget;
			productType = "com.apple.product-type.application";
			productSettingsXML = "<?xml version=\"1.0\" encoding=\"UTF-8\"?>
<!DOCTYPE plist SYSTEM \"file://localhost/System/Library/DTDs/PropertyList.dtd\">
<plist version=\"0.9\">
<dict>
	<key>CFBundleIconFile</key>
	<string></string>
	<key>CFBundlePackageType</key>
	<string>APPL</string>
    <key>CFBundleGetInfoString</key>
	<string>Created by Qt/QMake</string>
	<key>CFBundleSignature</key>
	<string>????</string>
	<key>CFBundleExecutable</key>
	<string>JoyPrompter</string>
	<key>CFBundleIdentifier</key>
	<string>com.yourcompany.JoyPrompter</string>
	<key>NOTE</key>
	<string>This file was generated by Qt/QMake.</string>
</dict>
</plist>
";
			name = "JoyPrompter";
			productName = "JoyPrompter";
			startupPath = "<<ProjectDirectory>>";
		};
		8DB1DD96F65B1BF1FFC506E0 = {
			isa = XCBuildConfiguration;
			buildSettings = {
				COPY_PHASE_STRIP = "NO";
				GCC_GENERATE_DEBUGGING_SYMBOLS = "YES";
				GCC_OPTIMIZATION_LEVEL = "0";
			};
			name = "Debug";
		};
		2C641C3335766025DD51B7BD = {
			buildRules = (
				);
			buildSettings = {
				COPY_PHASE_STRIP = "NO";
				GCC_GENERATE_DEBUGGING_SYMBOLS = "YES";
				GCC_OPTIMIZATION_LEVEL = "0";
			};
			isa = "PBXBuildStyle";
			name = "Debug";
		};
		95E1EB2E5DDD587BE5B3E548 = {
			isa = XCBuildConfiguration;
			buildSettings = {
				COPY_PHASE_STRIP = "YES";
				GCC_GENERATE_DEBUGGING_SYMBOLS = "NO";
			};
			name = "Release";
		};
		26DE8D2AEA4B3714B41E931F = {
			buildRules = (
				);
			buildSettings = {
				COPY_PHASE_STRIP = "YES";
				GCC_GENERATE_DEBUGGING_SYMBOLS = "NO";
			};
			isa = "PBXBuildStyle";
			name = "Release";
		};
		2A951308CDB28F104D0A4BD2 = {
			isa = XCConfigurationList;
			buildConfigurations = (
				"8DB1DD96F65B1BF1FFC506E0",
				"95E1EB2E5DDD587BE5B3E548");
			defaultConfigurationIsVisible = 0;
			defaultConfigurationIsName = "Debug";
		};
		91B15E841AA80083484172DE = {
			buildStyles = (
				"2C641C3335766025DD51B7BD",
				"26DE8D2AEA4B3714B41E931F");
			hasScannedForEncodings = 1;
			isa = PBXProject;
			mainGroup = "05596AB53D8D521C69802C27";
			buildConfigurationList = "2A951308CDB28F104D0A4BD2";
			projectDirPath = "";
			targets = (
				"CBAF9B45D75D17EE74A5F546");
		};
	};
	rootObject = "91B15E841AA80083484172DE";
}
